
Microsoft Visual Studio Solution File, Format Version 11.00
# Visual Studio Version 17

Project("{8BC9CEB8-8B4A-11D0-8D11-00A0C91BC942}") = "CHORDIN - Standalone Plugin", "CHORDIN_StandalonePlugin.vcxproj", "{40ACB078-E062-E8E0-1D76-4719F87E4E47}"
	ProjectSection(ProjectDependencies) = postProject
		{F68ACC12-DBDF-DC32-064A-B3E5000A1943} = {F68ACC12-DBDF-DC32-064A-B3E5000A1943}
	EndProjectSection
EndProject
Project("{8BC9CEB8-8B4A-11D0-8D11-00A0C91BC942}") = "CHORDIN - VST3", "CHORDIN_VST3.vcxproj", "{1CC81500-E86A-0222-D907-7A6E63986606}"
	ProjectSection(ProjectDependencies) = postProject
		{F68ACC12-DBDF-DC32-064A-B3E5000A1943} = {F68ACC12-DBDF-DC32-064A-B3E5000A1943}
		{73E45E0F-C7FF-56C2-CF4F-181266D70A50} = {73E45E0F-C7FF-56C2-CF4F-181266D70A50}
	EndProjectSection
EndProject
Project("{8BC9CEB8-8B4A-11D0-8D11-00A0C91BC942}") = "CHORDIN - Shared Code", "CHORDIN_SharedCode.vcxproj", "{F68ACC12-DBDF-DC32-064A-B3E5000A1943}"
EndProject
Project("{8BC9CEB8-8B4A-11D0-8D11-00A0C91BC942}") = "CHORDIN - VST3 Manifest Helper", "CHORDIN_VST3ManifestHelper.vcxproj", "{73E45E0F-C7FF-56C2-CF4F-181266D70A50}"
EndProject
Global
	GlobalSection(SolutionConfigurationPlatforms) = preSolution
		Debug|x64 = Debug|x64
		Release|x64 = Release|x64
	EndGlobalSection
	GlobalSection(ProjectConfigurationPlatforms) = postSolution
		{1CC81500-E86A-0222-D907-7A6E63986606}.Debug|x64.ActiveCfg = Debug|x64
		{1CC81500-E86A-0222-D907-7A6E63986606}.Debug|x64.Build.0 = Debug|x64
		{1CC81500-E86A-0222-D907-7A6E63986606}.Release|x64.ActiveCfg = Release|x64
		{1CC81500-E86A-0222-D907-7A6E63986606}.Release|x64.Build.0 = Release|x64
		{40ACB078-E062-E8E0-1D76-4719F87E4E47}.Debug|x64.ActiveCfg = Debug|x64
		{40ACB078-E062-E8E0-1D76-4719F87E4E47}.Debug|x64.Build.0 = Debug|x64
		{40ACB078-E062-E8E0-1D76-4719F87E4E47}.Release|x64.ActiveCfg = Release|x64
		{40ACB078-E062-E8E0-1D76-4719F87E4E47}.Release|x64.Build.0 = Release|x64
		{F68ACC12-DBDF-DC32-064A-B3E5000A1943}.Debug|x64.ActiveCfg = Debug|x64
		{F68ACC12-DBDF-DC32-064A-B3E5000A1943}.Debug|x64.Build.0 = Debug|x64
		{F68ACC12-DBDF-DC32-064A-B3E5000A1943}.Release|x64.ActiveCfg = Release|x64
		{F68ACC12-DBDF-DC32-064A-B3E5000A1943}.Release|x64.Build.0 = Release|x64
		{73E45E0F-C7FF-56C2-CF4F-181266D70A50}.Debug|x64.ActiveCfg = Debug|x64
		{73E45E0F-C7FF-56C2-CF4F-181266D70A50}.Debug|x64.Build.0 = Debug|x64
		{73E45E0F-C7FF-56C2-CF4F-181266D70A50}.Release|x64.ActiveCfg = Release|x64
		{73E45E0F-C7FF-56C2-CF4F-181266D70A50}.Release|x64.Build.0 = Release|x64
	EndGlobalSection
	GlobalSection(SolutionProperties) = preSolution
		HideSolutionNode = FALSE
	EndGlobalSection
EndGlobal
